
Microsoft Visual Studio Solution File, Format Version 12.00
# Visual Studio 15
VisualStudioVersion = 15.0.28307.329
MinimumVisualStudioVersion = 10.0.40219.1
Project("{FAE04EC0-301F-11D3-BF4B-00C04F79EFBC}") = "Adivinhacao", "Adivinhacao\Adivinhacao.csproj", "{C9758491-C78F-4DC8-89BA-D600646C286C}"
EndProject
Project("{FAE04EC0-301F-11D3-BF4B-00C04F79EFBC}") = "ImparPar", "ImparPar\ImparPar.csproj", "{96E90498-FBD4-4421-BA32-1E8220ED5CEF}"
EndProject
Global
	GlobalSection(SolutionConfigurationPlatforms) = preSolution
		Debug|Any CPU = Debug|Any CPU
		Release|Any CPU = Release|Any CPU
	EndGlobalSection
	GlobalSection(ProjectConfigurationPlatforms) = postSolution
		{C9758491-C78F-4DC8-89BA-D600646C286C}.Debug|Any CPU.ActiveCfg = Debug|Any CPU
		{C9758491-C78F-4DC8-89BA-D600646C286C}.Debug|Any CPU.Build.0 = Debug|Any CPU
		{C9758491-C78F-4DC8-89BA-D600646C286C}.Release|Any CPU.ActiveCfg = Release|Any CPU
		{C9758491-C78F-4DC8-89BA-D600646C286C}.Release|Any CPU.Build.0 = Release|Any CPU
		{96E90498-FBD4-4421-BA32-1E8220ED5CEF}.Debug|Any CPU.ActiveCfg = Debug|Any CPU
		{96E90498-FBD4-4421-BA32-1E8220ED5CEF}.Debug|Any CPU.Build.0 = Debug|Any CPU
		{96E90498-FBD4-4421-BA32-1E8220ED5CEF}.Release|Any CPU.ActiveCfg = Release|Any CPU
		{96E90498-FBD4-4421-BA32-1E8220ED5CEF}.Release|Any CPU.Build.0 = Release|Any CPU
	EndGlobalSection
	GlobalSection(SolutionProperties) = preSolution
		HideSolutionNode = FALSE
	EndGlobalSection
	GlobalSection(ExtensibilityGlobals) = postSolution
		SolutionGuid = {3A4755E0-2215-422E-9428-9B337C7C3133}
	EndGlobalSection
EndGlobal
